
Microsoft Visual Studio Solution File, Format Version 12.00
# Visual Studio 15
VisualStudioVersion = 15.0.28307.757
MinimumVisualStudioVersion = 10.0.40219.1
Project("{9A19103F-16F7-4668-BE54-9A1E7A4F7556}") = "NLU.DevOps.Models", "NLU.DevOps.Models\NLU.DevOps.Models.csproj", "{6B6B7069-F43F-43AD-87EB-7F0B7583404E}"
EndProject
Project("{9A19103F-16F7-4668-BE54-9A1E7A4F7556}") = "NLU.DevOps.Core", "NLU.DevOps.Core\NLU.DevOps.Core.csproj", "{CC9970B5-9DA3-4F7F-8C6C-EE3F2DA2DDCC}"
EndProject
Project("{9A19103F-16F7-4668-BE54-9A1E7A4F7556}") = "NLU.DevOps.Lex", "NLU.DevOps.Lex\NLU.DevOps.Lex.csproj", "{26972FE8-130F-479B-B8A5-58BC8DD7A308}"
EndProject
Project("{9A19103F-16F7-4668-BE54-9A1E7A4F7556}") = "NLU.DevOps.Lex.Tests", "NLU.DevOps.Lex.Tests\NLU.DevOps.Lex.Tests.csproj", "{87AEDCAE-F7D4-4F63-8586-280CAC75CEF3}"
EndProject
Project("{D954291E-2A0B-460D-934E-DC6B0785DB48}") = "NLU.DevOps.Luis.Shared", "NLU.DevOps.Luis.Shared\NLU.DevOps.Luis.Shared.shproj", "{03CC905A-48D1-466C-A816-E19BF944A7EE}"
EndProject
Project("{D954291E-2A0B-460D-934E-DC6B0785DB48}") = "NLU.DevOps.Luis.Tests.Shared", "NLU.DevOps.Luis.Tests.Shared\NLU.DevOps.Luis.Tests.Shared.shproj", "{D7F8EF09-9289-432D-9255-677844F96A5B}"
EndProject
Project("{9A19103F-16F7-4668-BE54-9A1E7A4F7556}") = "NLU.DevOps.Luis", "NLU.DevOps.Luis\NLU.DevOps.Luis.csproj", "{B52DDC83-32C8-4DCA-8C39-8DBD0A550382}"
EndProject
Project("{9A19103F-16F7-4668-BE54-9A1E7A4F7556}") = "NLU.DevOps.ModelPerformance.Tests", "NLU.DevOps.ModelPerformance.Tests\NLU.DevOps.ModelPerformance.Tests.csproj", "{BC30BFA1-6046-4DE0-9FFE-34FEE9E4F75B}"
EndProject
Project("{9A19103F-16F7-4668-BE54-9A1E7A4F7556}") = "NLU.DevOps.ModelPerformance", "NLU.DevOps.ModelPerformance\NLU.DevOps.ModelPerformance.csproj", "{37565408-FD51-4222-A00F-223BC0B57787}"
EndProject
Project("{9A19103F-16F7-4668-BE54-9A1E7A4F7556}") = "NLU.DevOps.Luis.Tests", "NLU.DevOps.Luis.Tests\NLU.DevOps.Luis.Tests.csproj", "{280B55DA-272D-44D5-AE73-8730CA96EC0B}"
EndProject
Project("{9A19103F-16F7-4668-BE54-9A1E7A4F7556}") = "NLU.DevOps.LuisV3", "NLU.DevOps.LuisV3\NLU.DevOps.LuisV3.csproj", "{874C5D08-0DD9-4385-878A-0FB7CD6A4314}"
EndProject
Project("{9A19103F-16F7-4668-BE54-9A1E7A4F7556}") = "NLU.DevOps.LuisV3.Tests", "NLU.DevOps.LuisV3.Tests\NLU.DevOps.LuisV3.Tests.csproj", "{F5CE52E9-C95F-4601-9575-C654C619A767}"
EndProject
Project("{9A19103F-16F7-4668-BE54-9A1E7A4F7556}") = "NLU.DevOps.CommandLine", "NLU.DevOps.CommandLine\NLU.DevOps.CommandLine.csproj", "{ED09E7CE-E721-415A-A0CA-1B928EC4E7A0}"
	ProjectSection(ProjectDependencies) = postProject
		{B52DDC83-32C8-4DCA-8C39-8DBD0A550382} = {B52DDC83-32C8-4DCA-8C39-8DBD0A550382}
		{874C5D08-0DD9-4385-878A-0FB7CD6A4314} = {874C5D08-0DD9-4385-878A-0FB7CD6A4314}
		{26972FE8-130F-479B-B8A5-58BC8DD7A308} = {26972FE8-130F-479B-B8A5-58BC8DD7A308}
	EndProjectSection
EndProject
Project("{9A19103F-16F7-4668-BE54-9A1E7A4F7556}") = "NLU.DevOps.CommandLine.Tests", "NLU.DevOps.CommandLine.Tests\NLU.DevOps.CommandLine.Tests.csproj", "{1F5ADDE0-4414-4B49-9810-69B58EED51AF}"
EndProject
Global
	GlobalSection(SharedMSBuildProjectFiles) = preSolution
		NLU.DevOps.Luis.Shared\NLU.DevOps.Luis.Shared.projitems*{03cc905a-48d1-466c-a816-e19bf944a7ee}*SharedItemsImports = 13
		NLU.DevOps.Luis.Tests.Shared\NLU.DevOps.Luis.Tests.Shared.projitems*{d7f8ef09-9289-432d-9255-677844f96a5b}*SharedItemsImports = 13
	EndGlobalSection
	GlobalSection(SolutionConfigurationPlatforms) = preSolution
		Debug|Any CPU = Debug|Any CPU
		Release|Any CPU = Release|Any CPU
	EndGlobalSection
	GlobalSection(ProjectConfigurationPlatforms) = postSolution
		{6B6B7069-F43F-43AD-87EB-7F0B7583404E}.Debug|Any CPU.ActiveCfg = Debug|Any CPU
		{6B6B7069-F43F-43AD-87EB-7F0B7583404E}.Debug|Any CPU.Build.0 = Debug|Any CPU
		{6B6B7069-F43F-43AD-87EB-7F0B7583404E}.Release|Any CPU.ActiveCfg = Release|Any CPU
		{6B6B7069-F43F-43AD-87EB-7F0B7583404E}.Release|Any CPU.Build.0 = Release|Any CPU
		{CC9970B5-9DA3-4F7F-8C6C-EE3F2DA2DDCC}.Debug|Any CPU.ActiveCfg = Debug|Any CPU
		{CC9970B5-9DA3-4F7F-8C6C-EE3F2DA2DDCC}.Debug|Any CPU.Build.0 = Debug|Any CPU
		{CC9970B5-9DA3-4F7F-8C6C-EE3F2DA2DDCC}.Release|Any CPU.ActiveCfg = Release|Any CPU
		{CC9970B5-9DA3-4F7F-8C6C-EE3F2DA2DDCC}.Release|Any CPU.Build.0 = Release|Any CPU
		{26972FE8-130F-479B-B8A5-58BC8DD7A308}.Debug|Any CPU.ActiveCfg = Debug|Any CPU
		{26972FE8-130F-479B-B8A5-58BC8DD7A308}.Debug|Any CPU.Build.0 = Debug|Any CPU
		{26972FE8-130F-479B-B8A5-58BC8DD7A308}.Release|Any CPU.ActiveCfg = Release|Any CPU
		{26972FE8-130F-479B-B8A5-58BC8DD7A308}.Release|Any CPU.Build.0 = Release|Any CPU
		{87AEDCAE-F7D4-4F63-8586-280CAC75CEF3}.Debug|Any CPU.ActiveCfg = Debug|Any CPU
		{87AEDCAE-F7D4-4F63-8586-280CAC75CEF3}.Debug|Any CPU.Build.0 = Debug|Any CPU
		{87AEDCAE-F7D4-4F63-8586-280CAC75CEF3}.Release|Any CPU.ActiveCfg = Release|Any CPU
		{87AEDCAE-F7D4-4F63-8586-280CAC75CEF3}.Release|Any CPU.Build.0 = Release|Any CPU
		{B52DDC83-32C8-4DCA-8C39-8DBD0A550382}.Debug|Any CPU.ActiveCfg = Debug|Any CPU
		{B52DDC83-32C8-4DCA-8C39-8DBD0A550382}.Debug|Any CPU.Build.0 = Debug|Any CPU
		{B52DDC83-32C8-4DCA-8C39-8DBD0A550382}.Release|Any CPU.ActiveCfg = Release|Any CPU
		{B52DDC83-32C8-4DCA-8C39-8DBD0A550382}.Release|Any CPU.Build.0 = Release|Any CPU
		{BC30BFA1-6046-4DE0-9FFE-34FEE9E4F75B}.Debug|Any CPU.ActiveCfg = Debug|Any CPU
		{BC30BFA1-6046-4DE0-9FFE-34FEE9E4F75B}.Debug|Any CPU.Build.0 = Debug|Any CPU
		{BC30BFA1-6046-4DE0-9FFE-34FEE9E4F75B}.Release|Any CPU.ActiveCfg = Release|Any CPU
		{BC30BFA1-6046-4DE0-9FFE-34FEE9E4F75B}.Release|Any CPU.Build.0 = Release|Any CPU
		{37565408-FD51-4222-A00F-223BC0B57787}.Debug|Any CPU.ActiveCfg = Debug|Any CPU
		{37565408-FD51-4222-A00F-223BC0B57787}.Debug|Any CPU.Build.0 = Debug|Any CPU
		{37565408-FD51-4222-A00F-223BC0B57787}.Release|Any CPU.ActiveCfg = Release|Any CPU
		{37565408-FD51-4222-A00F-223BC0B57787}.Release|Any CPU.Build.0 = Release|Any CPU
		{280B55DA-272D-44D5-AE73-8730CA96EC0B}.Debug|Any CPU.ActiveCfg = Debug|Any CPU
		{280B55DA-272D-44D5-AE73-8730CA96EC0B}.Debug|Any CPU.Build.0 = Debug|Any CPU
		{280B55DA-272D-44D5-AE73-8730CA96EC0B}.Release|Any CPU.ActiveCfg = Release|Any CPU
		{280B55DA-272D-44D5-AE73-8730CA96EC0B}.Release|Any CPU.Build.0 = Release|Any CPU
		{874C5D08-0DD9-4385-878A-0FB7CD6A4314}.Debug|Any CPU.ActiveCfg = Debug|Any CPU
		{874C5D08-0DD9-4385-878A-0FB7CD6A4314}.Debug|Any CPU.Build.0 = Debug|Any CPU
		{874C5D08-0DD9-4385-878A-0FB7CD6A4314}.Release|Any CPU.ActiveCfg = Release|Any CPU
		{874C5D08-0DD9-4385-878A-0FB7CD6A4314}.Release|Any CPU.Build.0 = Release|Any CPU
		{F5CE52E9-C95F-4601-9575-C654C619A767}.Debug|Any CPU.ActiveCfg = Debug|Any CPU
		{F5CE52E9-C95F-4601-9575-C654C619A767}.Debug|Any CPU.Build.0 = Debug|Any CPU
		{F5CE52E9-C95F-4601-9575-C654C619A767}.Release|Any CPU.ActiveCfg = Release|Any CPU
		{F5CE52E9-C95F-4601-9575-C654C619A767}.Release|Any CPU.Build.0 = Release|Any CPU
		{ED09E7CE-E721-415A-A0CA-1B928EC4E7A0}.Debug|Any CPU.ActiveCfg = Debug|Any CPU
		{ED09E7CE-E721-415A-A0CA-1B928EC4E7A0}.Debug|Any CPU.Build.0 = Debug|Any CPU
		{ED09E7CE-E721-415A-A0CA-1B928EC4E7A0}.Release|Any CPU.ActiveCfg = Release|Any CPU
		{ED09E7CE-E721-415A-A0CA-1B928EC4E7A0}.Release|Any CPU.Build.0 = Release|Any CPU
		{1F5ADDE0-4414-4B49-9810-69B58EED51AF}.Debug|Any CPU.ActiveCfg = Debug|Any CPU
		{1F5ADDE0-4414-4B49-9810-69B58EED51AF}.Debug|Any CPU.Build.0 = Debug|Any CPU
		{1F5ADDE0-4414-4B49-9810-69B58EED51AF}.Release|Any CPU.ActiveCfg = Release|Any CPU
		{1F5ADDE0-4414-4B49-9810-69B58EED51AF}.Release|Any CPU.Build.0 = Release|Any CPU
	EndGlobalSection
	GlobalSection(SolutionProperties) = preSolution
		HideSolutionNode = FALSE
	EndGlobalSection
	GlobalSection(ExtensibilityGlobals) = postSolution
		SolutionGuid = {CAE3E0E1-85AF-45AF-82AD-7061FD483D16}
	EndGlobalSection
EndGlobal
